
Microsoft Visual Studio Solution File, Format Version 12.00
# Visual Studio Version 17
VisualStudioVersion = 17.6.33815.320
MinimumVisualStudioVersion = 10.0.40219.1
Project("{9A19103F-16F7-4668-BE54-9A1E7A4F7556}") = "QCBSdk", "QCBSdk\QCBSdk.csproj", "{29D3577D-FC06-4CCF-9F00-364153231E31}"
EndProject
Project("{9A19103F-16F7-4668-BE54-9A1E7A4F7556}") = "QBot", "QBot\QBot.csproj", "{32DD86AD-5C4B-416A-B083-83A4004FF804}"
	ProjectSection(ProjectDependencies) = postProject
		{29D3577D-FC06-4CCF-9F00-364153231E31} = {29D3577D-FC06-4CCF-9F00-364153231E31}
	EndProjectSection
EndProject
Project("{2150E333-8FDC-42A3-9474-1A3956D46DE8}") = "解决方案项", "解决方案项", "{813147BE-50AD-4B7A-8B2A-6EFD38B79A9F}"
	ProjectSection(SolutionItems) = preProject
		README.md = README.md
	EndProjectSection
EndProject
Global
	GlobalSection(SolutionConfigurationPlatforms) = preSolution
		Debug|Any CPU = Debug|Any CPU
		Release|Any CPU = Release|Any CPU
	EndGlobalSection
	GlobalSection(ProjectConfigurationPlatforms) = postSolution
		{29D3577D-FC06-4CCF-9F00-364153231E31}.Debug|Any CPU.ActiveCfg = Debug|Any CPU
		{29D3577D-FC06-4CCF-9F00-364153231E31}.Debug|Any CPU.Build.0 = Debug|Any CPU
		{29D3577D-FC06-4CCF-9F00-364153231E31}.Release|Any CPU.ActiveCfg = Release|Any CPU
		{29D3577D-FC06-4CCF-9F00-364153231E31}.Release|Any CPU.Build.0 = Release|Any CPU
		{32DD86AD-5C4B-416A-B083-83A4004FF804}.Debug|Any CPU.ActiveCfg = Debug|Any CPU
		{32DD86AD-5C4B-416A-B083-83A4004FF804}.Release|Any CPU.ActiveCfg = Release|Any CPU
		{32DD86AD-5C4B-416A-B083-83A4004FF804}.Release|Any CPU.Build.0 = Release|Any CPU
	EndGlobalSection
	GlobalSection(SolutionProperties) = preSolution
		HideSolutionNode = FALSE
	EndGlobalSection
	GlobalSection(ExtensibilityGlobals) = postSolution
		SolutionGuid = {ECD9F9C7-AD05-448C-9C66-D3D44CC08BBA}
	EndGlobalSection
EndGlobal
